{
  "version": 4,
  "terraform_version": "0.13.2",
  "serial": 24,
  "lineage": "5c816f18-fdb2-eeb6-97a8-ecab15eca124",
  "outputs": {
    "kubernetes_cluster_name": {
      "value": "jaf-us",
      "type": "string"
    }
  },
  "resources": [
    {
      "mode": "data",
      "type": "google_compute_network",
      "name": "vpc_network",
      "provider": "provider[\"registry.terraform.io/hashicorp/google\"]",
      "instances": [
        {
          "schema_version": 0,
          "attributes": {
            "description": "Default network for the project",
            "gateway_ipv4": "",
            "id": "projects/poc-helm/global/networks/default",
            "name": "default",
            "project": "poc-helm",
            "self_link": "https://www.googleapis.com/compute/v1/projects/poc-helm/global/networks/default",
            "subnetworks_self_links": [
              "https://www.googleapis.com/compute/v1/projects/poc-helm/regions/europe-west4/subnetworks/default",
              "https://www.googleapis.com/compute/v1/projects/poc-helm/regions/europe-west6/subnetworks/default",
              "https://www.googleapis.com/compute/v1/projects/poc-helm/regions/asia-northeast1/subnetworks/default",
              "https://www.googleapis.com/compute/v1/projects/poc-helm/regions/asia-northeast2/subnetworks/default",
              "https://www.googleapis.com/compute/v1/projects/poc-helm/regions/asia-east2/subnetworks/default",
              "https://www.googleapis.com/compute/v1/projects/poc-helm/regions/europe-west1/subnetworks/default",
              "https://www.googleapis.com/compute/v1/projects/poc-helm/regions/asia-southeast2/subnetworks/default",
              "https://www.googleapis.com/compute/v1/projects/poc-helm/regions/us-west3/subnetworks/default",
              "https://www.googleapis.com/compute/v1/projects/poc-helm/regions/europe-west2/subnetworks/default",
              "https://www.googleapis.com/compute/v1/projects/poc-helm/regions/us-central1/subnetworks/default",
              "https://www.googleapis.com/compute/v1/projects/poc-helm/regions/asia-south1/subnetworks/default",
              "https://www.googleapis.com/compute/v1/projects/poc-helm/regions/asia-east1/subnetworks/default",
              "https://www.googleapis.com/compute/v1/projects/poc-helm/regions/europe-west3/subnetworks/default",
              "https://www.googleapis.com/compute/v1/projects/poc-helm/regions/us-west1/subnetworks/default",
              "https://www.googleapis.com/compute/v1/projects/poc-helm/regions/asia-northeast3/subnetworks/default",
              "https://www.googleapis.com/compute/v1/projects/poc-helm/regions/southamerica-east1/subnetworks/default",
              "https://www.googleapis.com/compute/v1/projects/poc-helm/regions/us-east1/subnetworks/default",
              "https://www.googleapis.com/compute/v1/projects/poc-helm/regions/northamerica-northeast1/subnetworks/default",
              "https://www.googleapis.com/compute/v1/projects/poc-helm/regions/australia-southeast1/subnetworks/default",
              "https://www.googleapis.com/compute/v1/projects/poc-helm/regions/us-east4/subnetworks/default",
              "https://www.googleapis.com/compute/v1/projects/poc-helm/regions/us-west4/subnetworks/default",
              "https://www.googleapis.com/compute/v1/projects/poc-helm/regions/us-west2/subnetworks/default",
              "https://www.googleapis.com/compute/v1/projects/poc-helm/regions/europe-north1/subnetworks/default",
              "https://www.googleapis.com/compute/v1/projects/poc-helm/regions/asia-southeast1/subnetworks/default"
            ]
          }
        }
      ]
    },
    {
      "mode": "data",
      "type": "google_compute_subnetwork",
      "name": "vpc_subnetwork",
      "provider": "provider[\"registry.terraform.io/hashicorp/google\"]",
      "instances": [
        {
          "schema_version": 0,
          "attributes": {
            "description": "",
            "gateway_address": "10.128.0.1",
            "id": "projects/poc-helm/regions/us-central1/subnetworks/default",
            "ip_cidr_range": "10.128.0.0/20",
            "name": "default",
            "network": "https://www.googleapis.com/compute/v1/projects/poc-helm/global/networks/default",
            "private_ip_google_access": false,
            "project": "poc-helm",
            "region": "us-central1",
            "secondary_ip_range": [],
            "self_link": "https://www.googleapis.com/compute/v1/projects/poc-helm/regions/us-central1/subnetworks/default"
          }
        }
      ]
    },
    {
      "mode": "data",
      "type": "google_compute_zones",
      "name": "available",
      "provider": "provider[\"registry.terraform.io/hashicorp/google\"]",
      "instances": [
        {
          "schema_version": 0,
          "attributes": {
            "id": "projects/poc-helm/regions/us-central1",
            "names": [
              "us-central1-a",
              "us-central1-b",
              "us-central1-c",
              "us-central1-f"
            ],
            "project": "poc-helm",
            "region": "us-central1",
            "status": null
          }
        }
      ]
    },
    {
      "mode": "managed",
      "type": "google_container_cluster",
      "name": "primary",
      "provider": "provider[\"registry.terraform.io/hashicorp/google\"]",
      "instances": [
        {
          "schema_version": 1,
          "attributes": {
            "addons_config": [
              {
                "cloudrun_config": [],
                "horizontal_pod_autoscaling": [
                  {
                    "disabled": false
                  }
                ],
                "http_load_balancing": [
                  {
                    "disabled": false
                  }
                ],
                "network_policy_config": [
                  {
                    "disabled": false
                  }
                ]
              }
            ],
            "authenticator_groups_config": [],
            "cluster_autoscaling": [
              {
                "auto_provisioning_defaults": [],
                "enabled": false,
                "resource_limits": []
              }
            ],
            "cluster_ipv4_cidr": "10.96.0.0/14",
            "database_encryption": [
              {
                "key_name": "",
                "state": "DECRYPTED"
              }
            ],
            "default_max_pods_per_node": null,
            "description": "",
            "enable_binary_authorization": false,
            "enable_intranode_visibility": null,
            "enable_kubernetes_alpha": false,
            "enable_legacy_abac": false,
            "enable_shielded_nodes": false,
            "enable_tpu": null,
            "endpoint": "35.222.0.79",
            "id": "projects/poc-helm/locations/us-central1/clusters/jaf-us",
            "initial_node_count": 1,
            "instance_group_urls": [],
            "ip_allocation_policy": [],
            "label_fingerprint": "a9dc16a7",
            "location": "us-central1",
            "logging_service": "logging.googleapis.com/kubernetes",
            "maintenance_policy": [
              {
                "daily_maintenance_window": [
                  {
                    "duration": "PT4H0M0S",
                    "start_time": "06:00"
                  }
                ],
                "maintenance_exclusion": [],
                "recurring_window": []
              }
            ],
            "master_auth": [
              {
                "client_certificate": "",
                "client_certificate_config": [
                  {
                    "issue_client_certificate": false
                  }
                ],
                "client_key": "",
                "cluster_ca_certificate": "LS0tLS1CRUdJTiBDRVJUSUZJQ0FURS0tLS0tCk1JSURLekNDQWhPZ0F3SUJBZ0lSQUxSeVFvK0YzaDFGVldrNDdYVVg2MGd3RFFZSktvWklodmNOQVFFTEJRQXcKTHpFdE1Dc0dBMVVFQXhNa09URXdZakZsTWpJdE5URXhZaTAwTTJObUxUa3dZMk10WlRFMlpqUTJZV1F4TXpRNApNQjRYRFRJeE1ERXlOakU1TkRFd05Gb1hEVEkyTURFeU5USXdOREV3TkZvd0x6RXRNQ3NHQTFVRUF4TWtPVEV3CllqRmxNakl0TlRFeFlpMDBNMk5tTFRrd1kyTXRaVEUyWmpRMllXUXhNelE0TUlJQklqQU5CZ2txaGtpRzl3MEIKQVFFRkFBT0NBUThBTUlJQkNnS0NBUUVBL3MxdEhUVHdKbk5XOG43MnZobUU1cC9FZm9rYkxvQVA0KzhxVEpyKwp0ZGFvS0o2TC9PVjNWME1CT1NmNkZEazV3MkFkUWlObERJNTQ4T1RzaDFaY0NqRUJPNnlJZGFmUXdnd29KRGh6CndBWVZ3S0g1c0xXcWFvL1BxYTZ5cTgxdWxyM2RQZkZnNWc0Y3BYNkhJb0hlcTluVkNwQ3MwUHV1eGh5ejhSbVMKMmtvdDh2cDVTUkxMSXRGMTU2aGpsc3BreUllK2pjOXJ0RXprYlhoczUyZlA5Ym80dC9qbmZmUysrZWZRR251dwpXdWNmUnM4RGVWd0dFMTJYUE8wZkVFaWErYVhneFIxU2QycjVDclRMaXRKN254ZUFrV08vaHp0T3U5WmJoRUJJCmE1TEx3LytEemJ3c00xcmxWdUZkaHZaNTFCOVVYTEpVcWpXbDByRGdWYU1SWVFJREFRQUJvMEl3UURBT0JnTlYKSFE4QkFmOEVCQU1DQWdRd0R3WURWUjBUQVFIL0JBVXdBd0VCL3pBZEJnTlZIUTRFRmdRVUI3djArTFpZNU5ZMApvVUJhemROZ2RKWVBMaUF3RFFZSktvWklodmNOQVFFTEJRQURnZ0VCQUhTN1JhOHA1SEUwRDRYWW91d3BEZEsrCjBLN1NteGd2M1lsSFF3ZHRnYUZRYi8waVEzZVN4Y21hTnNNTkRSYXhHQXVvYUdpNEN4RGlQZUJuQU44MWxETFQKNDNuWld4VjBCMmFjemREbERXUnpYeEtZTWxvN0Zuakdsd0YyT1REeGdMT0RUMktrcCtLWnE0NitaM1NMbW85agoybU1raEZvT20yek5mcFMrNStpZlhNVUN6UmJ1dHRZTHc1VDEwQllsTGhUdzF3UWwrcnNSY0U2RDd4amlwc1oxCmlVRDl6L3J6SnpWNWZFNXM1ZWY5bGNyb09EV2UrdjdMdWY0d3ZNN2dLMkRuVzRqSDZZRFhmNFpaTzhPT0E5bUgKNnBqNFRZUkl6ejRlUVJ0ZDBrTXJHblFzbk10RHltNmxFRHVxSDN0bC8zOU0vdHZJN0ZvdzFrck5Od2crOW0wPQotLS0tLUVORCBDRVJUSUZJQ0FURS0tLS0tCg==",
                "password": "",
                "username": ""
              }
            ],
            "master_authorized_networks_config": [],
            "master_version": "1.16.15-gke.4901",
            "min_master_version": "1.16.15-gke.4901",
            "monitoring_service": "monitoring.googleapis.com/kubernetes",
            "name": "jaf-us",
            "network": "projects/poc-helm/global/networks/default",
            "network_policy": [
              {
                "enabled": true,
                "provider": ""
              }
            ],
            "node_config": [],
            "node_locations": [
              "us-central1-a",
              "us-central1-c",
              "us-central1-f"
            ],
            "node_pool": [],
            "node_version": "1.16.15-gke.4901",
            "operation": null,
            "pod_security_policy_config": [],
            "private_cluster_config": [],
            "project": "poc-helm",
            "release_channel": [
              {
                "channel": "UNSPECIFIED"
              }
            ],
            "remove_default_node_pool": true,
            "resource_labels": null,
            "resource_usage_export_config": [],
            "self_link": "https://container.googleapis.com/v1beta1/projects/poc-helm/locations/us-central1/clusters/jaf-us",
            "services_ipv4_cidr": "10.99.240.0/20",
            "subnetwork": "projects/poc-helm/regions/us-central1/subnetworks/default",
            "timeouts": null,
            "vertical_pod_autoscaling": [],
            "workload_identity_config": []
          },
          "private": "eyJlMmJmYjczMC1lY2FhLTExZTYtOGY4OC0zNDM2M2JjN2M0YzAiOnsiY3JlYXRlIjoyNDAwMDAwMDAwMDAwLCJkZWxldGUiOjI0MDAwMDAwMDAwMDAsInJlYWQiOjI0MDAwMDAwMDAwMDAsInVwZGF0ZSI6MzYwMDAwMDAwMDAwMH0sInNjaGVtYV92ZXJzaW9uIjoiMSJ9",
          "dependencies": [
            "data.google_compute_network.vpc_network",
            "data.google_compute_subnetwork.vpc_subnetwork"
          ]
        }
      ]
    },
    {
      "mode": "managed",
      "type": "google_container_node_pool",
      "name": "pools",
      "provider": "provider[\"registry.terraform.io/hashicorp/google\"]",
      "instances": [
        {
          "index_key": 0,
          "schema_version": 1,
          "attributes": {
            "autoscaling": [],
            "cluster": "jaf-us",
            "id": "projects/poc-helm/locations/us-central1/clusters/jaf-us/nodePools/core-pool",
            "initial_node_count": 1,
            "instance_group_urls": [
              "https://www.googleapis.com/compute/v1/projects/poc-helm/zones/us-central1-a/instanceGroupManagers/gke-jaf-us-core-pool-0c128fc1-grp",
              "https://www.googleapis.com/compute/v1/projects/poc-helm/zones/us-central1-b/instanceGroupManagers/gke-jaf-us-core-pool-6525f6a5-grp"
            ],
            "location": "us-central1",
            "management": [
              {
                "auto_repair": true,
                "auto_upgrade": false
              }
            ],
            "max_pods_per_node": null,
            "name": "core-pool",
            "name_prefix": "",
            "node_config": [
              {
                "disk_size_gb": 20,
                "disk_type": "pd-standard",
                "guest_accelerator": [],
                "image_type": "COS",
                "labels": {},
                "local_ssd_count": 0,
                "machine_type": "n1-standard-1",
                "metadata": {
                  "disable-legacy-endpoints": "true"
                },
                "min_cpu_platform": "",
                "oauth_scopes": [
                  "https://www.googleapis.com/auth/devstorage.read_only",
                  "https://www.googleapis.com/auth/logging.write",
                  "https://www.googleapis.com/auth/monitoring",
                  "https://www.googleapis.com/auth/service.management.readonly",
                  "https://www.googleapis.com/auth/servicecontrol",
                  "https://www.googleapis.com/auth/trace.append"
                ],
                "preemptible": false,
                "service_account": "default",
                "shielded_instance_config": [
                  {
                    "enable_integrity_monitoring": true,
                    "enable_secure_boot": false
                  }
                ],
                "tags": [
                  "core-pool"
                ],
                "taint": [],
                "workload_metadata_config": []
              }
            ],
            "node_count": 1,
            "node_locations": [
              "us-central1-a",
              "us-central1-b"
            ],
            "project": "poc-helm",
            "timeouts": null,
            "upgrade_settings": [
              {
                "max_surge": 1,
                "max_unavailable": 0
              }
            ],
            "version": "1.16.15-gke.4901"
          },
          "private": "eyJlMmJmYjczMC1lY2FhLTExZTYtOGY4OC0zNDM2M2JjN2M0YzAiOnsiY3JlYXRlIjoxODAwMDAwMDAwMDAwLCJkZWxldGUiOjE4MDAwMDAwMDAwMDAsInVwZGF0ZSI6MTgwMDAwMDAwMDAwMH0sInNjaGVtYV92ZXJzaW9uIjoiMSJ9",
          "dependencies": [
            "data.google_compute_network.vpc_network",
            "data.google_compute_subnetwork.vpc_subnetwork",
            "data.google_compute_zones.available",
            "google_container_cluster.primary"
          ]
        }
      ]
    },
    {
      "module": "module.project-services",
      "mode": "managed",
      "type": "google_project_service",
      "name": "project_services",
      "provider": "provider[\"registry.terraform.io/hashicorp/google\"]",
      "instances": [
        {
          "index_key": "cloudbuild.googleapis.com",
          "schema_version": 0,
          "attributes": {
            "disable_dependent_services": true,
            "disable_on_destroy": true,
            "id": "poc-helm/cloudbuild.googleapis.com",
            "project": "poc-helm",
            "service": "cloudbuild.googleapis.com",
            "timeouts": null
          },
          "private": "eyJlMmJmYjczMC1lY2FhLTExZTYtOGY4OC0zNDM2M2JjN2M0YzAiOnsiY3JlYXRlIjoxMjAwMDAwMDAwMDAwLCJkZWxldGUiOjEyMDAwMDAwMDAwMDAsInJlYWQiOjYwMDAwMDAwMDAwMCwidXBkYXRlIjoxMjAwMDAwMDAwMDAwfX0="
        },
        {
          "index_key": "cloudresourcemanager.googleapis.com",
          "schema_version": 0,
          "attributes": {
            "disable_dependent_services": true,
            "disable_on_destroy": true,
            "id": "poc-helm/cloudresourcemanager.googleapis.com",
            "project": "poc-helm",
            "service": "cloudresourcemanager.googleapis.com",
            "timeouts": null
          },
          "private": "eyJlMmJmYjczMC1lY2FhLTExZTYtOGY4OC0zNDM2M2JjN2M0YzAiOnsiY3JlYXRlIjoxMjAwMDAwMDAwMDAwLCJkZWxldGUiOjEyMDAwMDAwMDAwMDAsInJlYWQiOjYwMDAwMDAwMDAwMCwidXBkYXRlIjoxMjAwMDAwMDAwMDAwfX0="
        },
        {
          "index_key": "compute.googleapis.com",
          "schema_version": 0,
          "attributes": {
            "disable_dependent_services": true,
            "disable_on_destroy": true,
            "id": "poc-helm/compute.googleapis.com",
            "project": "poc-helm",
            "service": "compute.googleapis.com",
            "timeouts": null
          },
          "private": "eyJlMmJmYjczMC1lY2FhLTExZTYtOGY4OC0zNDM2M2JjN2M0YzAiOnsiY3JlYXRlIjoxMjAwMDAwMDAwMDAwLCJkZWxldGUiOjEyMDAwMDAwMDAwMDAsInJlYWQiOjYwMDAwMDAwMDAwMCwidXBkYXRlIjoxMjAwMDAwMDAwMDAwfX0="
        },
        {
          "index_key": "container.googleapis.com",
          "schema_version": 0,
          "attributes": {
            "disable_dependent_services": true,
            "disable_on_destroy": true,
            "id": "poc-helm/container.googleapis.com",
            "project": "poc-helm",
            "service": "container.googleapis.com",
            "timeouts": null
          },
          "private": "eyJlMmJmYjczMC1lY2FhLTExZTYtOGY4OC0zNDM2M2JjN2M0YzAiOnsiY3JlYXRlIjoxMjAwMDAwMDAwMDAwLCJkZWxldGUiOjEyMDAwMDAwMDAwMDAsInJlYWQiOjYwMDAwMDAwMDAwMCwidXBkYXRlIjoxMjAwMDAwMDAwMDAwfX0="
        },
        {
          "index_key": "containerregistry.googleapis.com",
          "schema_version": 0,
          "attributes": {
            "disable_dependent_services": true,
            "disable_on_destroy": true,
            "id": "poc-helm/containerregistry.googleapis.com",
            "project": "poc-helm",
            "service": "containerregistry.googleapis.com",
            "timeouts": null
          },
          "private": "eyJlMmJmYjczMC1lY2FhLTExZTYtOGY4OC0zNDM2M2JjN2M0YzAiOnsiY3JlYXRlIjoxMjAwMDAwMDAwMDAwLCJkZWxldGUiOjEyMDAwMDAwMDAwMDAsInJlYWQiOjYwMDAwMDAwMDAwMCwidXBkYXRlIjoxMjAwMDAwMDAwMDAwfX0="
        },
        {
          "index_key": "deploymentmanager.googleapis.com",
          "schema_version": 0,
          "attributes": {
            "disable_dependent_services": true,
            "disable_on_destroy": true,
            "id": "poc-helm/deploymentmanager.googleapis.com",
            "project": "poc-helm",
            "service": "deploymentmanager.googleapis.com",
            "timeouts": null
          },
          "private": "eyJlMmJmYjczMC1lY2FhLTExZTYtOGY4OC0zNDM2M2JjN2M0YzAiOnsiY3JlYXRlIjoxMjAwMDAwMDAwMDAwLCJkZWxldGUiOjEyMDAwMDAwMDAwMDAsInJlYWQiOjYwMDAwMDAwMDAwMCwidXBkYXRlIjoxMjAwMDAwMDAwMDAwfX0="
        },
        {
          "index_key": "iam.googleapis.com",
          "schema_version": 0,
          "attributes": {
            "disable_dependent_services": true,
            "disable_on_destroy": true,
            "id": "poc-helm/iam.googleapis.com",
            "project": "poc-helm",
            "service": "iam.googleapis.com",
            "timeouts": null
          },
          "private": "eyJlMmJmYjczMC1lY2FhLTExZTYtOGY4OC0zNDM2M2JjN2M0YzAiOnsiY3JlYXRlIjoxMjAwMDAwMDAwMDAwLCJkZWxldGUiOjEyMDAwMDAwMDAwMDAsInJlYWQiOjYwMDAwMDAwMDAwMCwidXBkYXRlIjoxMjAwMDAwMDAwMDAwfX0="
        },
        {
          "index_key": "logging.googleapis.com",
          "schema_version": 0,
          "attributes": {
            "disable_dependent_services": true,
            "disable_on_destroy": true,
            "id": "poc-helm/logging.googleapis.com",
            "project": "poc-helm",
            "service": "logging.googleapis.com",
            "timeouts": null
          },
          "private": "eyJlMmJmYjczMC1lY2FhLTExZTYtOGY4OC0zNDM2M2JjN2M0YzAiOnsiY3JlYXRlIjoxMjAwMDAwMDAwMDAwLCJkZWxldGUiOjEyMDAwMDAwMDAwMDAsInJlYWQiOjYwMDAwMDAwMDAwMCwidXBkYXRlIjoxMjAwMDAwMDAwMDAwfX0="
        },
        {
          "index_key": "monitoring.googleapis.com",
          "schema_version": 0,
          "attributes": {
            "disable_dependent_services": true,
            "disable_on_destroy": true,
            "id": "poc-helm/monitoring.googleapis.com",
            "project": "poc-helm",
            "service": "monitoring.googleapis.com",
            "timeouts": null
          },
          "private": "eyJlMmJmYjczMC1lY2FhLTExZTYtOGY4OC0zNDM2M2JjN2M0YzAiOnsiY3JlYXRlIjoxMjAwMDAwMDAwMDAwLCJkZWxldGUiOjEyMDAwMDAwMDAwMDAsInJlYWQiOjYwMDAwMDAwMDAwMCwidXBkYXRlIjoxMjAwMDAwMDAwMDAwfX0="
        },
        {
          "index_key": "oslogin.googleapis.com",
          "schema_version": 0,
          "attributes": {
            "disable_dependent_services": true,
            "disable_on_destroy": true,
            "id": "poc-helm/oslogin.googleapis.com",
            "project": "poc-helm",
            "service": "oslogin.googleapis.com",
            "timeouts": null
          },
          "private": "eyJlMmJmYjczMC1lY2FhLTExZTYtOGY4OC0zNDM2M2JjN2M0YzAiOnsiY3JlYXRlIjoxMjAwMDAwMDAwMDAwLCJkZWxldGUiOjEyMDAwMDAwMDAwMDAsInJlYWQiOjYwMDAwMDAwMDAwMCwidXBkYXRlIjoxMjAwMDAwMDAwMDAwfX0="
        },
        {
          "index_key": "pubsub.googleapis.com",
          "schema_version": 0,
          "attributes": {
            "disable_dependent_services": true,
            "disable_on_destroy": true,
            "id": "poc-helm/pubsub.googleapis.com",
            "project": "poc-helm",
            "service": "pubsub.googleapis.com",
            "timeouts": null
          },
          "private": "eyJlMmJmYjczMC1lY2FhLTExZTYtOGY4OC0zNDM2M2JjN2M0YzAiOnsiY3JlYXRlIjoxMjAwMDAwMDAwMDAwLCJkZWxldGUiOjEyMDAwMDAwMDAwMDAsInJlYWQiOjYwMDAwMDAwMDAwMCwidXBkYXRlIjoxMjAwMDAwMDAwMDAwfX0="
        },
        {
          "index_key": "replicapool.googleapis.com",
          "schema_version": 0,
          "attributes": {
            "disable_dependent_services": true,
            "disable_on_destroy": true,
            "id": "poc-helm/replicapool.googleapis.com",
            "project": "poc-helm",
            "service": "replicapool.googleapis.com",
            "timeouts": null
          },
          "private": "eyJlMmJmYjczMC1lY2FhLTExZTYtOGY4OC0zNDM2M2JjN2M0YzAiOnsiY3JlYXRlIjoxMjAwMDAwMDAwMDAwLCJkZWxldGUiOjEyMDAwMDAwMDAwMDAsInJlYWQiOjYwMDAwMDAwMDAwMCwidXBkYXRlIjoxMjAwMDAwMDAwMDAwfX0="
        },
        {
          "index_key": "replicapoolupdater.googleapis.com",
          "schema_version": 0,
          "attributes": {
            "disable_dependent_services": true,
            "disable_on_destroy": true,
            "id": "poc-helm/replicapoolupdater.googleapis.com",
            "project": "poc-helm",
            "service": "replicapoolupdater.googleapis.com",
            "timeouts": null
          },
          "private": "eyJlMmJmYjczMC1lY2FhLTExZTYtOGY4OC0zNDM2M2JjN2M0YzAiOnsiY3JlYXRlIjoxMjAwMDAwMDAwMDAwLCJkZWxldGUiOjEyMDAwMDAwMDAwMDAsInJlYWQiOjYwMDAwMDAwMDAwMCwidXBkYXRlIjoxMjAwMDAwMDAwMDAwfX0="
        },
        {
          "index_key": "resourceviews.googleapis.com",
          "schema_version": 0,
          "attributes": {
            "disable_dependent_services": true,
            "disable_on_destroy": true,
            "id": "poc-helm/resourceviews.googleapis.com",
            "project": "poc-helm",
            "service": "resourceviews.googleapis.com",
            "timeouts": null
          },
          "private": "eyJlMmJmYjczMC1lY2FhLTExZTYtOGY4OC0zNDM2M2JjN2M0YzAiOnsiY3JlYXRlIjoxMjAwMDAwMDAwMDAwLCJkZWxldGUiOjEyMDAwMDAwMDAwMDAsInJlYWQiOjYwMDAwMDAwMDAwMCwidXBkYXRlIjoxMjAwMDAwMDAwMDAwfX0="
        },
        {
          "index_key": "serviceusage.googleapis.com",
          "schema_version": 0,
          "attributes": {
            "disable_dependent_services": true,
            "disable_on_destroy": true,
            "id": "poc-helm/serviceusage.googleapis.com",
            "project": "poc-helm",
            "service": "serviceusage.googleapis.com",
            "timeouts": null
          },
          "private": "eyJlMmJmYjczMC1lY2FhLTExZTYtOGY4OC0zNDM2M2JjN2M0YzAiOnsiY3JlYXRlIjoxMjAwMDAwMDAwMDAwLCJkZWxldGUiOjEyMDAwMDAwMDAwMDAsInJlYWQiOjYwMDAwMDAwMDAwMCwidXBkYXRlIjoxMjAwMDAwMDAwMDAwfX0="
        },
        {
          "index_key": "sourcerepo.googleapis.com",
          "schema_version": 0,
          "attributes": {
            "disable_dependent_services": true,
            "disable_on_destroy": true,
            "id": "poc-helm/sourcerepo.googleapis.com",
            "project": "poc-helm",
            "service": "sourcerepo.googleapis.com",
            "timeouts": null
          },
          "private": "eyJlMmJmYjczMC1lY2FhLTExZTYtOGY4OC0zNDM2M2JjN2M0YzAiOnsiY3JlYXRlIjoxMjAwMDAwMDAwMDAwLCJkZWxldGUiOjEyMDAwMDAwMDAwMDAsInJlYWQiOjYwMDAwMDAwMDAwMCwidXBkYXRlIjoxMjAwMDAwMDAwMDAwfX0="
        },
        {
          "index_key": "storage-api.googleapis.com",
          "schema_version": 0,
          "attributes": {
            "disable_dependent_services": true,
            "disable_on_destroy": true,
            "id": "poc-helm/storage-api.googleapis.com",
            "project": "poc-helm",
            "service": "storage-api.googleapis.com",
            "timeouts": null
          },
          "private": "eyJlMmJmYjczMC1lY2FhLTExZTYtOGY4OC0zNDM2M2JjN2M0YzAiOnsiY3JlYXRlIjoxMjAwMDAwMDAwMDAwLCJkZWxldGUiOjEyMDAwMDAwMDAwMDAsInJlYWQiOjYwMDAwMDAwMDAwMCwidXBkYXRlIjoxMjAwMDAwMDAwMDAwfX0="
        },
        {
          "index_key": "storage-component.googleapis.com",
          "schema_version": 0,
          "attributes": {
            "disable_dependent_services": true,
            "disable_on_destroy": true,
            "id": "poc-helm/storage-component.googleapis.com",
            "project": "poc-helm",
            "service": "storage-component.googleapis.com",
            "timeouts": null
          },
          "private": "eyJlMmJmYjczMC1lY2FhLTExZTYtOGY4OC0zNDM2M2JjN2M0YzAiOnsiY3JlYXRlIjoxMjAwMDAwMDAwMDAwLCJkZWxldGUiOjEyMDAwMDAwMDAwMDAsInJlYWQiOjYwMDAwMDAwMDAwMCwidXBkYXRlIjoxMjAwMDAwMDAwMDAwfX0="
        }
      ]
    }
  ]
}
