{
  "version": 4,
  "terraform_version": "0.13.2",
  "serial": 4,
  "lineage": "7e030aa9-1c63-f72a-db2e-7fddbd426510",
  "outputs": {},
  "resources": [
    {
      "mode": "data",
      "type": "google_client_config",
      "name": "default",
      "provider": "provider[\"registry.terraform.io/hashicorp/google\"]",
      "instances": [
        {
          "schema_version": 0,
          "attributes": {
            "access_token": "ya29.c.KqYB7weWVGAuK67Pz2i4YzyGawpnvGtMbHFdzM7Pdybh-nFCDprN4CYdeLh5WBY-StJDXkI_L4v0ZMLhzGRjc13fRawdn3Ti0G8lBx14bSW3ByiUEduW9p2xUJownnQ-KXVc2-zbtJCARSX3tc62_wO2b3MnDcTqxmuKEHODyZcvHlYNpgF5D1j24DPILbS4dQ6gFBvMuOsmHbyyjh8MIaIhh0Nq26b1Iw",
            "id": "projects/poc-helm/regions/us-central1/zones/",
            "project": "poc-helm",
            "region": "us-central1",
            "zone": ""
          }
        }
      ]
    },
    {
      "mode": "data",
      "type": "google_container_cluster",
      "name": "my_cluster",
      "provider": "provider[\"registry.terraform.io/hashicorp/google\"]",
      "instances": [
        {
          "schema_version": 0,
          "attributes": {
            "addons_config": [
              {
                "cloudrun_config": [],
                "horizontal_pod_autoscaling": [
                  {
                    "disabled": false
                  }
                ],
                "http_load_balancing": [
                  {
                    "disabled": false
                  }
                ],
                "network_policy_config": [
                  {
                    "disabled": false
                  }
                ]
              }
            ],
            "authenticator_groups_config": [],
            "cluster_autoscaling": [
              {
                "auto_provisioning_defaults": [],
                "enabled": false,
                "resource_limits": []
              }
            ],
            "cluster_ipv4_cidr": "10.96.0.0/14",
            "database_encryption": [
              {
                "key_name": "",
                "state": "DECRYPTED"
              }
            ],
            "default_max_pods_per_node": null,
            "description": "",
            "enable_binary_authorization": false,
            "enable_intranode_visibility": null,
            "enable_kubernetes_alpha": false,
            "enable_legacy_abac": false,
            "enable_shielded_nodes": false,
            "enable_tpu": null,
            "endpoint": "104.197.213.150",
            "id": "projects/poc-helm/locations/us-central1/clusters/jaf-us",
            "initial_node_count": 1,
            "instance_group_urls": [
              "https://www.googleapis.com/compute/v1/projects/poc-helm/zones/us-central1-a/instanceGroups/gke-jaf-us-core-pool-3e6b19b8-grp",
              "https://www.googleapis.com/compute/v1/projects/poc-helm/zones/us-central1-b/instanceGroups/gke-jaf-us-core-pool-8d4f3956-grp"
            ],
            "ip_allocation_policy": [],
            "label_fingerprint": "a9dc16a7",
            "location": "us-central1",
            "logging_service": "logging.googleapis.com/kubernetes",
            "maintenance_policy": [
              {
                "daily_maintenance_window": [
                  {
                    "duration": "PT4H0M0S",
                    "start_time": "06:00"
                  }
                ],
                "maintenance_exclusion": [],
                "recurring_window": []
              }
            ],
            "master_auth": [
              {
                "client_certificate": "",
                "client_certificate_config": [
                  {
                    "issue_client_certificate": false
                  }
                ],
                "client_key": "",
                "cluster_ca_certificate": "LS0tLS1CRUdJTiBDRVJUSUZJQ0FURS0tLS0tCk1JSURLakNDQWhLZ0F3SUJBZ0lRU1hkVDYyL3FzeWtIcFBINXk2d1RwREFOQmdrcWhraUc5dzBCQVFzRkFEQXYKTVMwd0t3WURWUVFERXlRNVpEa3lNelUyTkMxaVlqbGlMVFEwTWprdE9UWmpNaTAzT0RWaU4yTmtPREZqWkRndwpIaGNOTWpFd01USXhNVE16TXpNeFdoY05Nall3TVRJd01UUXpNek14V2pBdk1TMHdLd1lEVlFRREV5UTVaRGt5Ck16VTJOQzFpWWpsaUxUUTBNamt0T1Raak1pMDNPRFZpTjJOa09ERmpaRGd3Z2dFaU1BMEdDU3FHU0liM0RRRUIKQVFVQUE0SUJEd0F3Z2dFS0FvSUJBUUM2VENPODFDNzBsREw0bTNKYVRMdng5VW5CT1R1ZmhBWjdLdDdmV1VaSQpibnNqQktRM3RYY3FYaUNTM3RDMU4rSkI3MGlYcXFFRDhXUkM5NzRoUVgvdlducFZBWTZWcDU4TTdFaEx2eHNKCkhQVGpiY21ueVBubk9LTVFJanAwbUc1NEkxN3hUdVovOEcwdnVTRkQ3M0xnMm91b3ZrQ2drbWdPd2xvU0JFekEKampheUEva1pvZk9vU3dVcjZtVXF6VDUybm1OdEJ2Kzg4dE9wTm1TaC9mQ1EvNHdSS1cvcTJIdXgrL2JDdW1scwp6b3VrUGZBNWJRYUg1SjRLdnoxdDZaSytHQW5mL2pKRzFEQUE2NElJOUpqakJ6NEZ3Qk9oeE13cVRqV0lwYys4CnNTU2RxSjI1WFI3WXRzdUpLcGJSbWZPZjB4N29XMGp3UnZSK2FOQTVsT3hEQWdNQkFBR2pRakJBTUE0R0ExVWQKRHdFQi93UUVBd0lDQkRBUEJnTlZIUk1CQWY4RUJUQURBUUgvTUIwR0ExVWREZ1FXQkJSREtndTJvS2NEem5KSwpFWDM1V1BGeHlUL0QzVEFOQmdrcWhraUc5dzBCQVFzRkFBT0NBUUVBVlZwcnFlN2hpWTIvVmxLOTRFdkY3STBuCkR2TEt1aGpqa2djMlRpNjdkblNLREJGaTFpblBYMk0yUzZmaTZmT1R4eFFZZG1sZGcvMzg1UGdCOEZVaGN6VU8KWUZtUCthVGdFa0puUmZDYnMrM01GcDMrUExNSFdaS3FwcXV3Y244VHlMQUVTMFFyWWtMTEk3MGd2UFlkby9vdQpCVkp3SU1TNW5qdmt2RmY5cW1ybkVySkVBaURzQlJqMmpLVDlHOFJMalhwUWhkdlhKQis2QzJpd1F5MktHSjNRCmZqSHlDR1Q1cENYZGcxVU4vN1c5SlVnSkk2Z2g3TTdEaU1pTm5MRWNqUnFGdHd0T3FnU1d1RkFNSmkwVWQ0cm8KODF3MEE4WTRyYTJMZCtFdU8yM1dFRUdxN0QwdzZVOEZ3eFoxcTZpdFYxK1djWUJQSWR6RllrZzJTVmJEVVE9PQotLS0tLUVORCBDRVJUSUZJQ0FURS0tLS0tCg==",
                "password": "",
                "username": ""
              }
            ],
            "master_authorized_networks_config": [],
            "master_version": "1.16.15-gke.4901",
            "min_master_version": null,
            "monitoring_service": "monitoring.googleapis.com/kubernetes",
            "name": "jaf-us",
            "network": "projects/poc-helm/global/networks/default",
            "network_policy": [
              {
                "enabled": true,
                "provider": ""
              }
            ],
            "node_config": [
              {
                "disk_size_gb": 20,
                "disk_type": "pd-standard",
                "guest_accelerator": [],
                "image_type": "COS",
                "labels": {},
                "local_ssd_count": 0,
                "machine_type": "n1-standard-1",
                "metadata": {
                  "disable-legacy-endpoints": "true"
                },
                "min_cpu_platform": "",
                "oauth_scopes": [
                  "https://www.googleapis.com/auth/devstorage.read_only",
                  "https://www.googleapis.com/auth/logging.write",
                  "https://www.googleapis.com/auth/monitoring",
                  "https://www.googleapis.com/auth/service.management.readonly",
                  "https://www.googleapis.com/auth/servicecontrol",
                  "https://www.googleapis.com/auth/trace.append"
                ],
                "preemptible": false,
                "service_account": "default",
                "shielded_instance_config": [
                  {
                    "enable_integrity_monitoring": true,
                    "enable_secure_boot": false
                  }
                ],
                "tags": [
                  "core-pool"
                ],
                "taint": [],
                "workload_metadata_config": []
              }
            ],
            "node_locations": [
              "us-central1-a",
              "us-central1-b",
              "us-central1-c"
            ],
            "node_pool": [
              {
                "autoscaling": [],
                "initial_node_count": 1,
                "instance_group_urls": [
                  "https://www.googleapis.com/compute/v1/projects/poc-helm/zones/us-central1-a/instanceGroupManagers/gke-jaf-us-core-pool-3e6b19b8-grp",
                  "https://www.googleapis.com/compute/v1/projects/poc-helm/zones/us-central1-b/instanceGroupManagers/gke-jaf-us-core-pool-8d4f3956-grp"
                ],
                "management": [
                  {
                    "auto_repair": true,
                    "auto_upgrade": false
                  }
                ],
                "max_pods_per_node": 0,
                "name": "core-pool",
                "name_prefix": "",
                "node_config": [
                  {
                    "disk_size_gb": 20,
                    "disk_type": "pd-standard",
                    "guest_accelerator": [],
                    "image_type": "COS",
                    "labels": {},
                    "local_ssd_count": 0,
                    "machine_type": "n1-standard-1",
                    "metadata": {
                      "disable-legacy-endpoints": "true"
                    },
                    "min_cpu_platform": "",
                    "oauth_scopes": [
                      "https://www.googleapis.com/auth/devstorage.read_only",
                      "https://www.googleapis.com/auth/logging.write",
                      "https://www.googleapis.com/auth/monitoring",
                      "https://www.googleapis.com/auth/service.management.readonly",
                      "https://www.googleapis.com/auth/servicecontrol",
                      "https://www.googleapis.com/auth/trace.append"
                    ],
                    "preemptible": false,
                    "service_account": "default",
                    "shielded_instance_config": [
                      {
                        "enable_integrity_monitoring": true,
                        "enable_secure_boot": false
                      }
                    ],
                    "tags": [
                      "core-pool"
                    ],
                    "taint": [],
                    "workload_metadata_config": []
                  }
                ],
                "node_count": 1,
                "node_locations": [
                  "us-central1-a",
                  "us-central1-b"
                ],
                "upgrade_settings": [
                  {
                    "max_surge": 1,
                    "max_unavailable": 0
                  }
                ],
                "version": "1.16.15-gke.4901"
              }
            ],
            "node_version": "1.16.15-gke.4901",
            "operation": null,
            "pod_security_policy_config": null,
            "private_cluster_config": [],
            "project": "poc-helm",
            "release_channel": [
              {
                "channel": "UNSPECIFIED"
              }
            ],
            "remove_default_node_pool": null,
            "resource_labels": {},
            "resource_usage_export_config": [],
            "self_link": "https://container.googleapis.com/v1beta1/projects/poc-helm/locations/us-central1/clusters/jaf-us",
            "services_ipv4_cidr": "10.99.240.0/20",
            "subnetwork": "projects/poc-helm/regions/us-central1/subnetworks/default",
            "vertical_pod_autoscaling": [],
            "workload_identity_config": []
          }
        }
      ]
    },
    {
      "mode": "managed",
      "type": "kubernetes_cluster_role_binding",
      "name": "tiller",
      "provider": "provider[\"registry.terraform.io/hashicorp/kubernetes\"]",
      "instances": [
        {
          "schema_version": 0,
          "attributes": {
            "id": "tiller",
            "metadata": [
              {
                "annotations": {},
                "generation": 0,
                "labels": {},
                "name": "tiller",
                "resource_version": "6451",
                "self_link": "/apis/rbac.authorization.k8s.io/v1/clusterrolebindings/tiller",
                "uid": "7f97a8a9-9d20-449e-8031-c8b4ddb1634e"
              }
            ],
            "role_ref": [
              {
                "api_group": "rbac.authorization.k8s.io",
                "kind": "ClusterRole",
                "name": "cluster-admin"
              }
            ],
            "subject": [
              {
                "api_group": "",
                "kind": "ServiceAccount",
                "name": "tiller",
                "namespace": "kube-system"
              }
            ]
          },
          "private": "bnVsbA==",
          "dependencies": [
            "data.google_client_config.default",
            "data.google_container_cluster.my_cluster"
          ]
        }
      ]
    },
    {
      "mode": "managed",
      "type": "kubernetes_service_account",
      "name": "tiller",
      "provider": "provider[\"registry.terraform.io/hashicorp/kubernetes\"]",
      "instances": [
        {
          "schema_version": 0,
          "attributes": {
            "automount_service_account_token": true,
            "default_secret_name": "tiller-token-m2psv",
            "id": "kube-system/tiller",
            "image_pull_secret": [],
            "metadata": [
              {
                "annotations": {},
                "generate_name": "",
                "generation": 0,
                "labels": {},
                "name": "tiller",
                "namespace": "kube-system",
                "resource_version": "6453",
                "self_link": "/api/v1/namespaces/kube-system/serviceaccounts/tiller",
                "uid": "6a1c9c49-ad9c-46eb-b7c0-5b979286be98"
              }
            ],
            "secret": [],
            "timeouts": null
          },
          "private": "eyJlMmJmYjczMC1lY2FhLTExZTYtOGY4OC0zNDM2M2JjN2M0YzAiOnsiY3JlYXRlIjozMDAwMDAwMDAwMH19",
          "dependencies": [
            "data.google_client_config.default",
            "data.google_container_cluster.my_cluster"
          ]
        }
      ]
    }
  ]
}
